
Microsoft Visual Studio Solution File, Format Version 12.00
# Visual Studio 2012
Project("{FAE04EC0-301F-11D3-BF4B-00C04F79EFBC}") = "WebAPIPost", "WebAPIPost\WebAPIPost.csproj", "{3EA47422-E82C-4FAA-A107-AA27F986E399}"
EndProject
Project("{FAE04EC0-301F-11D3-BF4B-00C04F79EFBC}") = "WebAPIPost.iOS", "iOS\WebAPIPost.iOS.csproj", "{D8E6259B-B9EB-4F1F-91FB-4CDDAD0ED964}"
EndProject
Project("{FAE04EC0-301F-11D3-BF4B-00C04F79EFBC}") = "WebAPIPost.Droid", "Droid\WebAPIPost.Droid.csproj", "{A439C655-D6E5-4EAC-AE89-C9B896192A5D}"
EndProject
Global
	GlobalSection(SolutionConfigurationPlatforms) = preSolution
		Debug|Any CPU = Debug|Any CPU
		Release|Any CPU = Release|Any CPU
		Debug|iPhoneSimulator = Debug|iPhoneSimulator
		Release|iPhone = Release|iPhone
		Release|iPhoneSimulator = Release|iPhoneSimulator
		Debug|iPhone = Debug|iPhone
	EndGlobalSection
	GlobalSection(ProjectConfigurationPlatforms) = postSolution
		{3EA47422-E82C-4FAA-A107-AA27F986E399}.Debug|Any CPU.ActiveCfg = Debug|Any CPU
		{3EA47422-E82C-4FAA-A107-AA27F986E399}.Debug|Any CPU.Build.0 = Debug|Any CPU
		{3EA47422-E82C-4FAA-A107-AA27F986E399}.Release|Any CPU.ActiveCfg = Release|Any CPU
		{3EA47422-E82C-4FAA-A107-AA27F986E399}.Release|Any CPU.Build.0 = Release|Any CPU
		{3EA47422-E82C-4FAA-A107-AA27F986E399}.Debug|iPhoneSimulator.ActiveCfg = Debug|Any CPU
		{3EA47422-E82C-4FAA-A107-AA27F986E399}.Debug|iPhoneSimulator.Build.0 = Debug|Any CPU
		{3EA47422-E82C-4FAA-A107-AA27F986E399}.Release|iPhone.ActiveCfg = Release|Any CPU
		{3EA47422-E82C-4FAA-A107-AA27F986E399}.Release|iPhone.Build.0 = Release|Any CPU
		{3EA47422-E82C-4FAA-A107-AA27F986E399}.Release|iPhoneSimulator.ActiveCfg = Release|Any CPU
		{3EA47422-E82C-4FAA-A107-AA27F986E399}.Release|iPhoneSimulator.Build.0 = Release|Any CPU
		{3EA47422-E82C-4FAA-A107-AA27F986E399}.Debug|iPhone.ActiveCfg = Debug|Any CPU
		{3EA47422-E82C-4FAA-A107-AA27F986E399}.Debug|iPhone.Build.0 = Debug|Any CPU
		{D8E6259B-B9EB-4F1F-91FB-4CDDAD0ED964}.Debug|Any CPU.ActiveCfg = Debug|iPhoneSimulator
		{D8E6259B-B9EB-4F1F-91FB-4CDDAD0ED964}.Debug|Any CPU.Build.0 = Debug|iPhoneSimulator
		{D8E6259B-B9EB-4F1F-91FB-4CDDAD0ED964}.Release|Any CPU.ActiveCfg = Release|iPhone
		{D8E6259B-B9EB-4F1F-91FB-4CDDAD0ED964}.Release|Any CPU.Build.0 = Release|iPhone
		{D8E6259B-B9EB-4F1F-91FB-4CDDAD0ED964}.Debug|iPhoneSimulator.ActiveCfg = Debug|iPhoneSimulator
		{D8E6259B-B9EB-4F1F-91FB-4CDDAD0ED964}.Debug|iPhoneSimulator.Build.0 = Debug|iPhoneSimulator
		{D8E6259B-B9EB-4F1F-91FB-4CDDAD0ED964}.Release|iPhone.ActiveCfg = Release|iPhone
		{D8E6259B-B9EB-4F1F-91FB-4CDDAD0ED964}.Release|iPhone.Build.0 = Release|iPhone
		{D8E6259B-B9EB-4F1F-91FB-4CDDAD0ED964}.Release|iPhoneSimulator.ActiveCfg = Release|iPhoneSimulator
		{D8E6259B-B9EB-4F1F-91FB-4CDDAD0ED964}.Release|iPhoneSimulator.Build.0 = Release|iPhoneSimulator
		{D8E6259B-B9EB-4F1F-91FB-4CDDAD0ED964}.Debug|iPhone.ActiveCfg = Debug|iPhone
		{D8E6259B-B9EB-4F1F-91FB-4CDDAD0ED964}.Debug|iPhone.Build.0 = Debug|iPhone
		{A439C655-D6E5-4EAC-AE89-C9B896192A5D}.Debug|Any CPU.ActiveCfg = Debug|Any CPU
		{A439C655-D6E5-4EAC-AE89-C9B896192A5D}.Debug|Any CPU.Build.0 = Debug|Any CPU
		{A439C655-D6E5-4EAC-AE89-C9B896192A5D}.Release|Any CPU.ActiveCfg = Release|Any CPU
		{A439C655-D6E5-4EAC-AE89-C9B896192A5D}.Release|Any CPU.Build.0 = Release|Any CPU
		{A439C655-D6E5-4EAC-AE89-C9B896192A5D}.Debug|iPhoneSimulator.ActiveCfg = Debug|Any CPU
		{A439C655-D6E5-4EAC-AE89-C9B896192A5D}.Debug|iPhoneSimulator.Build.0 = Debug|Any CPU
		{A439C655-D6E5-4EAC-AE89-C9B896192A5D}.Release|iPhone.ActiveCfg = Release|Any CPU
		{A439C655-D6E5-4EAC-AE89-C9B896192A5D}.Release|iPhone.Build.0 = Release|Any CPU
		{A439C655-D6E5-4EAC-AE89-C9B896192A5D}.Release|iPhoneSimulator.ActiveCfg = Release|Any CPU
		{A439C655-D6E5-4EAC-AE89-C9B896192A5D}.Release|iPhoneSimulator.Build.0 = Release|Any CPU
		{A439C655-D6E5-4EAC-AE89-C9B896192A5D}.Debug|iPhone.ActiveCfg = Debug|Any CPU
		{A439C655-D6E5-4EAC-AE89-C9B896192A5D}.Debug|iPhone.Build.0 = Debug|Any CPU
	EndGlobalSection
EndGlobal
